
Microsoft Visual Studio Solution File, Format Version 11.00
# Visual Studio 2010
Project("{8BC9CEB8-8B4A-11D0-8D11-00A0C91BC942}") = "Char Bucket", "Char Bucket\Char Bucket.vcxproj", "{AB15023B-29F9-4517-858D-67F83AB39113}"
EndProject
Global
	GlobalSection(SolutionConfigurationPlatforms) = preSolution
		Debug|Win32 = Debug|Win32
		Release|Win32 = Release|Win32
	EndGlobalSection
	GlobalSection(ProjectConfigurationPlatforms) = postSolution
		{AB15023B-29F9-4517-858D-67F83AB39113}.Debug|Win32.ActiveCfg = Debug|Win32
		{AB15023B-29F9-4517-858D-67F83AB39113}.Debug|Win32.Build.0 = Debug|Win32
		{AB15023B-29F9-4517-858D-67F83AB39113}.Release|Win32.ActiveCfg = Release|Win32
		{AB15023B-29F9-4517-858D-67F83AB39113}.Release|Win32.Build.0 = Release|Win32
	EndGlobalSection
	GlobalSection(SolutionProperties) = preSolution
		HideSolutionNode = FALSE
	EndGlobalSection
EndGlobal
